
Microsoft Visual Studio Solution File, Format Version 12.00
# Visual Studio 15
VisualStudioVersion = 15.0.26228.4
MinimumVisualStudioVersion = 10.0.40219.1
Project("{FAE04EC0-301F-11D3-BF4B-00C04F79EFBC}") = "AagClient", "AagClient\AagClient.csproj", "{1E267FAE-71CE-4BD9-8E15-27C72CCFD5A5}"
EndProject
Project("{FAE04EC0-301F-11D3-BF4B-00C04F79EFBC}") = "CustomControlLibrary", "CustomControlLibrary\CustomControlLibrary.csproj", "{BA906062-87B9-41E7-B1EE-A44007EB8933}"
EndProject
Project("{FAE04EC0-301F-11D3-BF4B-00C04F79EFBC}") = "ProductModul", "ProductModul\ProductModul.csproj", "{A2C817E8-9AF6-4724-A7CF-3F6F2F8EB427}"
EndProject
Project("{FAE04EC0-301F-11D3-BF4B-00C04F79EFBC}") = "ModelModul", "ModelModul\ModelModul.csproj", "{C1088933-3223-41A0-A687-8D34C8A1E104}"
EndProject
Project("{2150E333-8FDC-42A3-9474-1A3956D46DE8}") = "Moduls", "Moduls", "{1959A74B-683C-4F60-B692-40068E978177}"
EndProject
Project("{FAE04EC0-301F-11D3-BF4B-00C04F79EFBC}") = "CategoryModul", "CategoryModul\CategoryModul.csproj", "{06EB7CE3-8C9C-4BD6-BF72-4CAAB19B22F0}"
EndProject
Project("{2150E333-8FDC-42A3-9474-1A3956D46DE8}") = "Library", "Library", "{03B06937-A9C7-41CB-938F-01059B7FE969}"
EndProject
Project("{FAE04EC0-301F-11D3-BF4B-00C04F79EFBC}") = "UnitStorageModul", "UnitStorageModul\UnitStorageModul.csproj", "{B4B52FF1-550A-4B6C-A4F8-DC0AAD7C2DAC}"
EndProject
Project("{FAE04EC0-301F-11D3-BF4B-00C04F79EFBC}") = "PurchaseGoodModul", "PurchaseGoodModul\PurchaseGoodModul.csproj", "{084660A4-4C9A-417F-890D-5B2607DBA7F7}"
EndProject
Project("{FAE04EC0-301F-11D3-BF4B-00C04F79EFBC}") = "PropertyModul", "PropertiesModul\PropertyModul.csproj", "{9EF8175E-79BF-4BE3-978A-1065EED8CD93}"
EndProject
Project("{FAE04EC0-301F-11D3-BF4B-00C04F79EFBC}") = "CounterpartyModul", "CounterpartyModul\CounterpartyModul.csproj", "{6407678E-40CB-4365-B707-21121734E873}"
EndProject
Project("{FAE04EC0-301F-11D3-BF4B-00C04F79EFBC}") = "RevaluationGoodModul", "RevaluationGoodModul\RevaluationGoodModul.csproj", "{0BFAA536-F50B-45D5-A01E-7F5B3F5A4BED}"
EndProject
Project("{FAE04EC0-301F-11D3-BF4B-00C04F79EFBC}") = "WarrantyPeriodModul", "WarrantyPeriodModul\WarrantyPeriodModul.csproj", "{E7D86849-91E5-4509-963E-B29A546D0893}"
EndProject
Project("{FAE04EC0-301F-11D3-BF4B-00C04F79EFBC}") = "CashierWorkplaceModul", "CashierWorkplaceModul\CashierWorkplaceModul.csproj", "{8D451053-0BCE-4BF4-AE6D-99FA2C920946}"
EndProject
Project("{FAE04EC0-301F-11D3-BF4B-00C04F79EFBC}") = "GenerationBarcodeLibrary", "GenerationBarcodeLibrary\GenerationBarcodeLibrary.csproj", "{4F2CF7C8-3230-4459-8B64-7AA0750BD3C3}"
EndProject
Project("{FAE04EC0-301F-11D3-BF4B-00C04F79EFBC}") = "WarrantyModul", "WarrantyModul\WarrantyModul.csproj", "{2912B1BA-5D29-49A3-A00A-515B0E33DDBB}"
EndProject
Project("{FAE04EC0-301F-11D3-BF4B-00C04F79EFBC}") = "ReportModul", "ReportModul\ReportModul.csproj", "{1D29DBCB-3D13-4717-A02A-6329107A8031}"
EndProject
Project("{FAE04EC0-301F-11D3-BF4B-00C04F79EFBC}") = "UnitTest", "UnitTest\UnitTest.csproj", "{6ACAB149-E269-439D-8683-992C47C2BB05}"
EndProject
Project("{FAE04EC0-301F-11D3-BF4B-00C04F79EFBC}") = "PriceGroupModul", "PriceGroupModul\PriceGroupModul.csproj", "{682263E8-CB76-41AA-A5BF-94A8C1741F0D}"
EndProject
Project("{FAE04EC0-301F-11D3-BF4B-00C04F79EFBC}") = "StoreModul", "StoreModul\StoreModul.csproj", "{93E9F3C6-7BC5-4DA2-8C89-C7E96FD22B90}"
EndProject
Project("{FAE04EC0-301F-11D3-BF4B-00C04F79EFBC}") = "CurrencyModul", "CurrencyModul\CurrencyModul.csproj", "{0518145E-E4E3-4448-8CF0-C7F76E0754F4}"
EndProject
Global
	GlobalSection(SolutionConfigurationPlatforms) = preSolution
		Debug|Any CPU = Debug|Any CPU
		Release|Any CPU = Release|Any CPU
	EndGlobalSection
	GlobalSection(ProjectConfigurationPlatforms) = postSolution
		{1E267FAE-71CE-4BD9-8E15-27C72CCFD5A5}.Debug|Any CPU.ActiveCfg = Debug|Any CPU
		{1E267FAE-71CE-4BD9-8E15-27C72CCFD5A5}.Debug|Any CPU.Build.0 = Debug|Any CPU
		{1E267FAE-71CE-4BD9-8E15-27C72CCFD5A5}.Release|Any CPU.ActiveCfg = Release|Any CPU
		{1E267FAE-71CE-4BD9-8E15-27C72CCFD5A5}.Release|Any CPU.Build.0 = Release|Any CPU
		{BA906062-87B9-41E7-B1EE-A44007EB8933}.Debug|Any CPU.ActiveCfg = Debug|Any CPU
		{BA906062-87B9-41E7-B1EE-A44007EB8933}.Debug|Any CPU.Build.0 = Debug|Any CPU
		{BA906062-87B9-41E7-B1EE-A44007EB8933}.Release|Any CPU.ActiveCfg = Release|Any CPU
		{BA906062-87B9-41E7-B1EE-A44007EB8933}.Release|Any CPU.Build.0 = Release|Any CPU
		{A2C817E8-9AF6-4724-A7CF-3F6F2F8EB427}.Debug|Any CPU.ActiveCfg = Debug|Any CPU
		{A2C817E8-9AF6-4724-A7CF-3F6F2F8EB427}.Debug|Any CPU.Build.0 = Debug|Any CPU
		{A2C817E8-9AF6-4724-A7CF-3F6F2F8EB427}.Release|Any CPU.ActiveCfg = Release|Any CPU
		{A2C817E8-9AF6-4724-A7CF-3F6F2F8EB427}.Release|Any CPU.Build.0 = Release|Any CPU
		{C1088933-3223-41A0-A687-8D34C8A1E104}.Debug|Any CPU.ActiveCfg = Debug|Any CPU
		{C1088933-3223-41A0-A687-8D34C8A1E104}.Debug|Any CPU.Build.0 = Debug|Any CPU
		{C1088933-3223-41A0-A687-8D34C8A1E104}.Release|Any CPU.ActiveCfg = Release|Any CPU
		{C1088933-3223-41A0-A687-8D34C8A1E104}.Release|Any CPU.Build.0 = Release|Any CPU
		{06EB7CE3-8C9C-4BD6-BF72-4CAAB19B22F0}.Debug|Any CPU.ActiveCfg = Debug|Any CPU
		{06EB7CE3-8C9C-4BD6-BF72-4CAAB19B22F0}.Debug|Any CPU.Build.0 = Debug|Any CPU
		{06EB7CE3-8C9C-4BD6-BF72-4CAAB19B22F0}.Release|Any CPU.ActiveCfg = Release|Any CPU
		{06EB7CE3-8C9C-4BD6-BF72-4CAAB19B22F0}.Release|Any CPU.Build.0 = Release|Any CPU
		{B4B52FF1-550A-4B6C-A4F8-DC0AAD7C2DAC}.Debug|Any CPU.ActiveCfg = Debug|Any CPU
		{B4B52FF1-550A-4B6C-A4F8-DC0AAD7C2DAC}.Debug|Any CPU.Build.0 = Debug|Any CPU
		{B4B52FF1-550A-4B6C-A4F8-DC0AAD7C2DAC}.Release|Any CPU.ActiveCfg = Release|Any CPU
		{B4B52FF1-550A-4B6C-A4F8-DC0AAD7C2DAC}.Release|Any CPU.Build.0 = Release|Any CPU
		{084660A4-4C9A-417F-890D-5B2607DBA7F7}.Debug|Any CPU.ActiveCfg = Debug|Any CPU
		{084660A4-4C9A-417F-890D-5B2607DBA7F7}.Debug|Any CPU.Build.0 = Debug|Any CPU
		{084660A4-4C9A-417F-890D-5B2607DBA7F7}.Release|Any CPU.ActiveCfg = Release|Any CPU
		{084660A4-4C9A-417F-890D-5B2607DBA7F7}.Release|Any CPU.Build.0 = Release|Any CPU
		{9EF8175E-79BF-4BE3-978A-1065EED8CD93}.Debug|Any CPU.ActiveCfg = Debug|Any CPU
		{9EF8175E-79BF-4BE3-978A-1065EED8CD93}.Debug|Any CPU.Build.0 = Debug|Any CPU
		{9EF8175E-79BF-4BE3-978A-1065EED8CD93}.Release|Any CPU.ActiveCfg = Release|Any CPU
		{9EF8175E-79BF-4BE3-978A-1065EED8CD93}.Release|Any CPU.Build.0 = Release|Any CPU
		{6407678E-40CB-4365-B707-21121734E873}.Debug|Any CPU.ActiveCfg = Debug|Any CPU
		{6407678E-40CB-4365-B707-21121734E873}.Debug|Any CPU.Build.0 = Debug|Any CPU
		{6407678E-40CB-4365-B707-21121734E873}.Release|Any CPU.ActiveCfg = Release|Any CPU
		{6407678E-40CB-4365-B707-21121734E873}.Release|Any CPU.Build.0 = Release|Any CPU
		{0BFAA536-F50B-45D5-A01E-7F5B3F5A4BED}.Debug|Any CPU.ActiveCfg = Debug|Any CPU
		{0BFAA536-F50B-45D5-A01E-7F5B3F5A4BED}.Debug|Any CPU.Build.0 = Debug|Any CPU
		{0BFAA536-F50B-45D5-A01E-7F5B3F5A4BED}.Release|Any CPU.ActiveCfg = Release|Any CPU
		{0BFAA536-F50B-45D5-A01E-7F5B3F5A4BED}.Release|Any CPU.Build.0 = Release|Any CPU
		{E7D86849-91E5-4509-963E-B29A546D0893}.Debug|Any CPU.ActiveCfg = Debug|Any CPU
		{E7D86849-91E5-4509-963E-B29A546D0893}.Debug|Any CPU.Build.0 = Debug|Any CPU
		{E7D86849-91E5-4509-963E-B29A546D0893}.Release|Any CPU.ActiveCfg = Release|Any CPU
		{E7D86849-91E5-4509-963E-B29A546D0893}.Release|Any CPU.Build.0 = Release|Any CPU
		{8D451053-0BCE-4BF4-AE6D-99FA2C920946}.Debug|Any CPU.ActiveCfg = Debug|Any CPU
		{8D451053-0BCE-4BF4-AE6D-99FA2C920946}.Debug|Any CPU.Build.0 = Debug|Any CPU
		{8D451053-0BCE-4BF4-AE6D-99FA2C920946}.Release|Any CPU.ActiveCfg = Release|Any CPU
		{8D451053-0BCE-4BF4-AE6D-99FA2C920946}.Release|Any CPU.Build.0 = Release|Any CPU
		{4F2CF7C8-3230-4459-8B64-7AA0750BD3C3}.Debug|Any CPU.ActiveCfg = Debug|Any CPU
		{4F2CF7C8-3230-4459-8B64-7AA0750BD3C3}.Debug|Any CPU.Build.0 = Debug|Any CPU
		{4F2CF7C8-3230-4459-8B64-7AA0750BD3C3}.Release|Any CPU.ActiveCfg = Release|Any CPU
		{4F2CF7C8-3230-4459-8B64-7AA0750BD3C3}.Release|Any CPU.Build.0 = Release|Any CPU
		{2912B1BA-5D29-49A3-A00A-515B0E33DDBB}.Debug|Any CPU.ActiveCfg = Debug|Any CPU
		{2912B1BA-5D29-49A3-A00A-515B0E33DDBB}.Debug|Any CPU.Build.0 = Debug|Any CPU
		{2912B1BA-5D29-49A3-A00A-515B0E33DDBB}.Release|Any CPU.ActiveCfg = Release|Any CPU
		{2912B1BA-5D29-49A3-A00A-515B0E33DDBB}.Release|Any CPU.Build.0 = Release|Any CPU
		{1D29DBCB-3D13-4717-A02A-6329107A8031}.Debug|Any CPU.ActiveCfg = Debug|Any CPU
		{1D29DBCB-3D13-4717-A02A-6329107A8031}.Debug|Any CPU.Build.0 = Debug|Any CPU
		{1D29DBCB-3D13-4717-A02A-6329107A8031}.Release|Any CPU.ActiveCfg = Release|Any CPU
		{1D29DBCB-3D13-4717-A02A-6329107A8031}.Release|Any CPU.Build.0 = Release|Any CPU
		{6ACAB149-E269-439D-8683-992C47C2BB05}.Debug|Any CPU.ActiveCfg = Debug|Any CPU
		{6ACAB149-E269-439D-8683-992C47C2BB05}.Debug|Any CPU.Build.0 = Debug|Any CPU
		{6ACAB149-E269-439D-8683-992C47C2BB05}.Release|Any CPU.ActiveCfg = Release|Any CPU
		{6ACAB149-E269-439D-8683-992C47C2BB05}.Release|Any CPU.Build.0 = Release|Any CPU
		{682263E8-CB76-41AA-A5BF-94A8C1741F0D}.Debug|Any CPU.ActiveCfg = Debug|Any CPU
		{682263E8-CB76-41AA-A5BF-94A8C1741F0D}.Debug|Any CPU.Build.0 = Debug|Any CPU
		{682263E8-CB76-41AA-A5BF-94A8C1741F0D}.Release|Any CPU.ActiveCfg = Release|Any CPU
		{682263E8-CB76-41AA-A5BF-94A8C1741F0D}.Release|Any CPU.Build.0 = Release|Any CPU
		{93E9F3C6-7BC5-4DA2-8C89-C7E96FD22B90}.Debug|Any CPU.ActiveCfg = Debug|Any CPU
		{93E9F3C6-7BC5-4DA2-8C89-C7E96FD22B90}.Debug|Any CPU.Build.0 = Debug|Any CPU
		{93E9F3C6-7BC5-4DA2-8C89-C7E96FD22B90}.Release|Any CPU.ActiveCfg = Release|Any CPU
		{93E9F3C6-7BC5-4DA2-8C89-C7E96FD22B90}.Release|Any CPU.Build.0 = Release|Any CPU
		{0518145E-E4E3-4448-8CF0-C7F76E0754F4}.Debug|Any CPU.ActiveCfg = Debug|Any CPU
		{0518145E-E4E3-4448-8CF0-C7F76E0754F4}.Debug|Any CPU.Build.0 = Debug|Any CPU
		{0518145E-E4E3-4448-8CF0-C7F76E0754F4}.Release|Any CPU.ActiveCfg = Release|Any CPU
		{0518145E-E4E3-4448-8CF0-C7F76E0754F4}.Release|Any CPU.Build.0 = Release|Any CPU
	EndGlobalSection
	GlobalSection(SolutionProperties) = preSolution
		HideSolutionNode = FALSE
	EndGlobalSection
	GlobalSection(NestedProjects) = preSolution
		{BA906062-87B9-41E7-B1EE-A44007EB8933} = {03B06937-A9C7-41CB-938F-01059B7FE969}
		{A2C817E8-9AF6-4724-A7CF-3F6F2F8EB427} = {1959A74B-683C-4F60-B692-40068E978177}
		{C1088933-3223-41A0-A687-8D34C8A1E104} = {1959A74B-683C-4F60-B692-40068E978177}
		{06EB7CE3-8C9C-4BD6-BF72-4CAAB19B22F0} = {1959A74B-683C-4F60-B692-40068E978177}
		{B4B52FF1-550A-4B6C-A4F8-DC0AAD7C2DAC} = {1959A74B-683C-4F60-B692-40068E978177}
		{084660A4-4C9A-417F-890D-5B2607DBA7F7} = {1959A74B-683C-4F60-B692-40068E978177}
		{9EF8175E-79BF-4BE3-978A-1065EED8CD93} = {1959A74B-683C-4F60-B692-40068E978177}
		{6407678E-40CB-4365-B707-21121734E873} = {1959A74B-683C-4F60-B692-40068E978177}
		{0BFAA536-F50B-45D5-A01E-7F5B3F5A4BED} = {1959A74B-683C-4F60-B692-40068E978177}
		{E7D86849-91E5-4509-963E-B29A546D0893} = {1959A74B-683C-4F60-B692-40068E978177}
		{8D451053-0BCE-4BF4-AE6D-99FA2C920946} = {1959A74B-683C-4F60-B692-40068E978177}
		{4F2CF7C8-3230-4459-8B64-7AA0750BD3C3} = {03B06937-A9C7-41CB-938F-01059B7FE969}
		{2912B1BA-5D29-49A3-A00A-515B0E33DDBB} = {1959A74B-683C-4F60-B692-40068E978177}
		{1D29DBCB-3D13-4717-A02A-6329107A8031} = {1959A74B-683C-4F60-B692-40068E978177}
		{682263E8-CB76-41AA-A5BF-94A8C1741F0D} = {1959A74B-683C-4F60-B692-40068E978177}
		{93E9F3C6-7BC5-4DA2-8C89-C7E96FD22B90} = {1959A74B-683C-4F60-B692-40068E978177}
		{0518145E-E4E3-4448-8CF0-C7F76E0754F4} = {1959A74B-683C-4F60-B692-40068E978177}
	EndGlobalSection
	GlobalSection(ExtensibilityGlobals) = postSolution
		SolutionGuid = {19416D65-422B-45AC-9508-FC45CBA4B529}
		EnterpriseLibraryConfigurationToolBinariesPath = packages\Unity.2.1.505.0\lib\NET35
	EndGlobalSection
EndGlobal
