
Microsoft Visual Studio Solution File, Format Version 12.00
# Visual Studio 15
VisualStudioVersion = 15.0.26228.4
MinimumVisualStudioVersion = 10.0.40219.1
Project("{FAE04EC0-301F-11D3-BF4B-00C04F79EFBC}") = "RulezzClient", "RulezzClient\RulezzClient.csproj", "{1E267FAE-71CE-4BD9-8E15-27C72CCFD5A5}"
EndProject
Project("{FAE04EC0-301F-11D3-BF4B-00C04F79EFBC}") = "CustomControlLibrary", "CustomControlLibrary\CustomControlLibrary.csproj", "{BA906062-87B9-41E7-B1EE-A44007EB8933}"
EndProject
Project("{FAE04EC0-301F-11D3-BF4B-00C04F79EFBC}") = "ProductModul", "ProductModel\ProductModul.csproj", "{A2C817E8-9AF6-4724-A7CF-3F6F2F8EB427}"
EndProject
Project("{FAE04EC0-301F-11D3-BF4B-00C04F79EFBC}") = "ModelModul", "ModelModul\ModelModul.csproj", "{C1088933-3223-41A0-A687-8D34C8A1E104}"
EndProject
Project("{2150E333-8FDC-42A3-9474-1A3956D46DE8}") = "Moduls", "Moduls", "{1959A74B-683C-4F60-B692-40068E978177}"
EndProject
Project("{FAE04EC0-301F-11D3-BF4B-00C04F79EFBC}") = "GroupModul", "GroupModul\GroupModul.csproj", "{06EB7CE3-8C9C-4BD6-BF72-4CAAB19B22F0}"
EndProject
Project("{2150E333-8FDC-42A3-9474-1A3956D46DE8}") = "Library", "Library", "{03B06937-A9C7-41CB-938F-01059B7FE969}"
EndProject
Project("{FAE04EC0-301F-11D3-BF4B-00C04F79EFBC}") = "EventAggregatorLibrary", "EventAggregatorLibrary\EventAggregatorLibrary.csproj", "{DED61686-0CD3-492D-8E13-F0EF7054F2DA}"
EndProject
Project("{FAE04EC0-301F-11D3-BF4B-00C04F79EFBC}") = "UnitStorageModul", "UnitStorageModul\UnitStorageModul.csproj", "{B4B52FF1-550A-4B6C-A4F8-DC0AAD7C2DAC}"
EndProject
Global
	GlobalSection(SolutionConfigurationPlatforms) = preSolution
		Debug|Any CPU = Debug|Any CPU
		Release|Any CPU = Release|Any CPU
	EndGlobalSection
	GlobalSection(ProjectConfigurationPlatforms) = postSolution
		{1E267FAE-71CE-4BD9-8E15-27C72CCFD5A5}.Debug|Any CPU.ActiveCfg = Debug|Any CPU
		{1E267FAE-71CE-4BD9-8E15-27C72CCFD5A5}.Debug|Any CPU.Build.0 = Debug|Any CPU
		{1E267FAE-71CE-4BD9-8E15-27C72CCFD5A5}.Release|Any CPU.ActiveCfg = Release|Any CPU
		{1E267FAE-71CE-4BD9-8E15-27C72CCFD5A5}.Release|Any CPU.Build.0 = Release|Any CPU
		{BA906062-87B9-41E7-B1EE-A44007EB8933}.Debug|Any CPU.ActiveCfg = Debug|Any CPU
		{BA906062-87B9-41E7-B1EE-A44007EB8933}.Debug|Any CPU.Build.0 = Debug|Any CPU
		{BA906062-87B9-41E7-B1EE-A44007EB8933}.Release|Any CPU.ActiveCfg = Release|Any CPU
		{BA906062-87B9-41E7-B1EE-A44007EB8933}.Release|Any CPU.Build.0 = Release|Any CPU
		{A2C817E8-9AF6-4724-A7CF-3F6F2F8EB427}.Debug|Any CPU.ActiveCfg = Debug|Any CPU
		{A2C817E8-9AF6-4724-A7CF-3F6F2F8EB427}.Debug|Any CPU.Build.0 = Debug|Any CPU
		{A2C817E8-9AF6-4724-A7CF-3F6F2F8EB427}.Release|Any CPU.ActiveCfg = Release|Any CPU
		{A2C817E8-9AF6-4724-A7CF-3F6F2F8EB427}.Release|Any CPU.Build.0 = Release|Any CPU
		{C1088933-3223-41A0-A687-8D34C8A1E104}.Debug|Any CPU.ActiveCfg = Debug|Any CPU
		{C1088933-3223-41A0-A687-8D34C8A1E104}.Debug|Any CPU.Build.0 = Debug|Any CPU
		{C1088933-3223-41A0-A687-8D34C8A1E104}.Release|Any CPU.ActiveCfg = Release|Any CPU
		{C1088933-3223-41A0-A687-8D34C8A1E104}.Release|Any CPU.Build.0 = Release|Any CPU
		{06EB7CE3-8C9C-4BD6-BF72-4CAAB19B22F0}.Debug|Any CPU.ActiveCfg = Debug|Any CPU
		{06EB7CE3-8C9C-4BD6-BF72-4CAAB19B22F0}.Debug|Any CPU.Build.0 = Debug|Any CPU
		{06EB7CE3-8C9C-4BD6-BF72-4CAAB19B22F0}.Release|Any CPU.ActiveCfg = Release|Any CPU
		{06EB7CE3-8C9C-4BD6-BF72-4CAAB19B22F0}.Release|Any CPU.Build.0 = Release|Any CPU
		{DED61686-0CD3-492D-8E13-F0EF7054F2DA}.Debug|Any CPU.ActiveCfg = Debug|Any CPU
		{DED61686-0CD3-492D-8E13-F0EF7054F2DA}.Debug|Any CPU.Build.0 = Debug|Any CPU
		{DED61686-0CD3-492D-8E13-F0EF7054F2DA}.Release|Any CPU.ActiveCfg = Release|Any CPU
		{DED61686-0CD3-492D-8E13-F0EF7054F2DA}.Release|Any CPU.Build.0 = Release|Any CPU
		{B4B52FF1-550A-4B6C-A4F8-DC0AAD7C2DAC}.Debug|Any CPU.ActiveCfg = Debug|Any CPU
		{B4B52FF1-550A-4B6C-A4F8-DC0AAD7C2DAC}.Debug|Any CPU.Build.0 = Debug|Any CPU
		{B4B52FF1-550A-4B6C-A4F8-DC0AAD7C2DAC}.Release|Any CPU.ActiveCfg = Release|Any CPU
		{B4B52FF1-550A-4B6C-A4F8-DC0AAD7C2DAC}.Release|Any CPU.Build.0 = Release|Any CPU
	EndGlobalSection
	GlobalSection(SolutionProperties) = preSolution
		HideSolutionNode = FALSE
	EndGlobalSection
	GlobalSection(NestedProjects) = preSolution
		{BA906062-87B9-41E7-B1EE-A44007EB8933} = {03B06937-A9C7-41CB-938F-01059B7FE969}
		{A2C817E8-9AF6-4724-A7CF-3F6F2F8EB427} = {1959A74B-683C-4F60-B692-40068E978177}
		{C1088933-3223-41A0-A687-8D34C8A1E104} = {1959A74B-683C-4F60-B692-40068E978177}
		{06EB7CE3-8C9C-4BD6-BF72-4CAAB19B22F0} = {1959A74B-683C-4F60-B692-40068E978177}
		{DED61686-0CD3-492D-8E13-F0EF7054F2DA} = {03B06937-A9C7-41CB-938F-01059B7FE969}
		{B4B52FF1-550A-4B6C-A4F8-DC0AAD7C2DAC} = {1959A74B-683C-4F60-B692-40068E978177}
	EndGlobalSection
	GlobalSection(ExtensibilityGlobals) = postSolution
		SolutionGuid = {19416D65-422B-45AC-9508-FC45CBA4B529}
		EnterpriseLibraryConfigurationToolBinariesPath = packages\Unity.2.1.505.0\lib\NET35
	EndGlobalSection
EndGlobal
